<?xml version="1.0" encoding="utf-8"?>
<Project ToolsVersion="4.0" xmlns="http://schemas.microsoft.com/developer/msbuild/2003">
  <ItemGroup>
    <Filter Include="Source Files">
      <UniqueIdentifier>{757775e8-8afb-4dec-a4e4-69a6093bd19c}</UniqueIdentifier>
      <Extensions>cpp;c;cxx;rc;def;r;odl;idl;hpj;bat;cc</Extensions>
    </Filter>
    <Filter Include="Source Files\lib">
      <UniqueIdentifier>{9c86ecbb-b212-4c2c-b631-c079c5267f68}</UniqueIdentifier>
    </Filter>
    <Filter Include="Source Files\lib\include">
      <UniqueIdentifier>{4fc8d488-4e6c-408d-a98a-f8f09717c7cf}</UniqueIdentifier>
    </Filter>
    <Filter Include="Source Files\lib\src">
      <UniqueIdentifier>{7f4623c2-cb99-4568-9ec2-34fbc690786d}</UniqueIdentifier>
    </Filter>
  </ItemGroup>
  <ItemGroup>
    <ClCompile Include="..\..\..\..\..\Engine\lib\libogg\src\bitwise.c">
      <Filter>Source Files\lib\src</Filter>
    </ClCompile>
    <ClCompile Include="..\..\..\..\..\Engine\lib\libogg\src\framing.c">
      <Filter>Source Files\lib\src</Filter>
    </ClCompile>
  </ItemGroup>
  <ItemGroup>
    <ClInclude Include="..\..\..\..\..\Engine\lib\libogg\include\ogg\ogg.h">
      <Filter>Source Files\lib\include</Filter>
    </ClInclude>
    <ClInclude Include="..\..\..\..\..\Engine\lib\libogg\include\ogg\os_types.h">
      <Filter>Source Files\lib\include</Filter>
    </ClInclude>
  </ItemGroup>
  <ItemGroup>
  </ItemGroup>
</Project>