<?xml version="1.0" encoding="utf-8"?>
<Project ToolsVersion="4.0" xmlns="http://schemas.microsoft.com/developer/msbuild/2003">
  <ItemGroup>
    <Filter Include="Source Files">
      <UniqueIdentifier>{34da80e7-56bd-4650-90d8-340848d54f3e}</UniqueIdentifier>
      <Extensions>cpp;c;cxx;rc;def;r;odl;idl;hpj;bat;cc</Extensions>
    </Filter>
    <Filter Include="Source Files\lib">
      <UniqueIdentifier>{879d1228-2d6f-45ed-a0b8-59c1a2ac4669}</UniqueIdentifier>
    </Filter>
    <Filter Include="Source Files\lib\include">
      <UniqueIdentifier>{5ed0953e-fae9-4b7a-9cce-a891f77edbd5}</UniqueIdentifier>
    </Filter>
    <Filter Include="Source Files\lib\lib">
      <UniqueIdentifier>{9c17e447-f6d7-4af3-b65a-8f3db527050c}</UniqueIdentifier>
    </Filter>
    <Filter Include="Source Files\lib\lib\dec">
      <UniqueIdentifier>{448442ba-ef0b-4bfe-9792-9b7ab5460955}</UniqueIdentifier>
    </Filter>
    <Filter Include="Source Files\lib\lib\dec\x86_vc">
      <UniqueIdentifier>{a102d5d2-18e1-4be7-8deb-4eb6964b5ecc}</UniqueIdentifier>
    </Filter>
    <Filter Include="Source Files\lib\lib\enc">
      <UniqueIdentifier>{060308aa-4d16-412f-a585-1cb34a3d8061}</UniqueIdentifier>
    </Filter>
    <Filter Include="Source Files\lib\lib\enc\x86_32_vs">
      <UniqueIdentifier>{092ec859-d575-4c61-9f2e-11a4fdd9048d}</UniqueIdentifier>
    </Filter>
  </ItemGroup>
  <ItemGroup>
    <ClCompile Include="..\..\..\..\..\Engine\lib\libtheora\lib\cpu.c">
      <Filter>Source Files\lib\lib</Filter>
    </ClCompile>
    <ClCompile Include="..\..\..\..\..\Engine\lib\libtheora\lib\dec\apiwrapper.c">
      <Filter>Source Files\lib\lib\dec</Filter>
    </ClCompile>
    <ClCompile Include="..\..\..\..\..\Engine\lib\libtheora\lib\dec\bitpack.c">
      <Filter>Source Files\lib\lib\dec</Filter>
    </ClCompile>
    <ClCompile Include="..\..\..\..\..\Engine\lib\libtheora\lib\dec\decapiwrapper.c">
      <Filter>Source Files\lib\lib\dec</Filter>
    </ClCompile>
    <ClCompile Include="..\..\..\..\..\Engine\lib\libtheora\lib\dec\decinfo.c">
      <Filter>Source Files\lib\lib\dec</Filter>
    </ClCompile>
    <ClCompile Include="..\..\..\..\..\Engine\lib\libtheora\lib\dec\decode.c">
      <Filter>Source Files\lib\lib\dec</Filter>
    </ClCompile>
    <ClCompile Include="..\..\..\..\..\Engine\lib\libtheora\lib\dec\dequant.c">
      <Filter>Source Files\lib\lib\dec</Filter>
    </ClCompile>
    <ClCompile Include="..\..\..\..\..\Engine\lib\libtheora\lib\dec\fragment.c">
      <Filter>Source Files\lib\lib\dec</Filter>
    </ClCompile>
    <ClCompile Include="..\..\..\..\..\Engine\lib\libtheora\lib\dec\huffdec.c">
      <Filter>Source Files\lib\lib\dec</Filter>
    </ClCompile>
    <ClCompile Include="..\..\..\..\..\Engine\lib\libtheora\lib\dec\idct.c">
      <Filter>Source Files\lib\lib\dec</Filter>
    </ClCompile>
    <ClCompile Include="..\..\..\..\..\Engine\lib\libtheora\lib\dec\info.c">
      <Filter>Source Files\lib\lib\dec</Filter>
    </ClCompile>
    <ClCompile Include="..\..\..\..\..\Engine\lib\libtheora\lib\dec\internal.c">
      <Filter>Source Files\lib\lib\dec</Filter>
    </ClCompile>
    <ClCompile Include="..\..\..\..\..\Engine\lib\libtheora\lib\dec\quant.c">
      <Filter>Source Files\lib\lib\dec</Filter>
    </ClCompile>
    <ClCompile Include="..\..\..\..\..\Engine\lib\libtheora\lib\dec\state.c">
      <Filter>Source Files\lib\lib\dec</Filter>
    </ClCompile>
    <ClCompile Include="..\..\..\..\..\Engine\lib\libtheora\lib\dec\x86_vc\mmxfrag.c">
      <Filter>Source Files\lib\lib\dec\x86_vc</Filter>
    </ClCompile>
    <ClCompile Include="..\..\..\..\..\Engine\lib\libtheora\lib\dec\x86_vc\mmxidct.c">
      <Filter>Source Files\lib\lib\dec\x86_vc</Filter>
    </ClCompile>
    <ClCompile Include="..\..\..\..\..\Engine\lib\libtheora\lib\dec\x86_vc\mmxloopfilter.c">
      <Filter>Source Files\lib\lib\dec\x86_vc</Filter>
    </ClCompile>
    <ClCompile Include="..\..\..\..\..\Engine\lib\libtheora\lib\dec\x86_vc\mmxstate.c">
      <Filter>Source Files\lib\lib\dec\x86_vc</Filter>
    </ClCompile>
    <ClCompile Include="..\..\..\..\..\Engine\lib\libtheora\lib\dec\x86_vc\x86state.c">
      <Filter>Source Files\lib\lib\dec\x86_vc</Filter>
    </ClCompile>
    <ClCompile Include="..\..\..\..\..\Engine\lib\libtheora\lib\enc\blockmap.c">
      <Filter>Source Files\lib\lib\enc</Filter>
    </ClCompile>
    <ClCompile Include="..\..\..\..\..\Engine\lib\libtheora\lib\enc\dct.c">
      <Filter>Source Files\lib\lib\enc</Filter>
    </ClCompile>
    <ClCompile Include="..\..\..\..\..\Engine\lib\libtheora\lib\enc\dct_decode.c">
      <Filter>Source Files\lib\lib\enc</Filter>
    </ClCompile>
    <ClCompile Include="..\..\..\..\..\Engine\lib\libtheora\lib\enc\dct_encode.c">
      <Filter>Source Files\lib\lib\enc</Filter>
    </ClCompile>
    <ClCompile Include="..\..\..\..\..\Engine\lib\libtheora\lib\enc\dsp.c">
      <Filter>Source Files\lib\lib\enc</Filter>
    </ClCompile>
    <ClCompile Include="..\..\..\..\..\Engine\lib\libtheora\lib\enc\encapiwrapper.c">
      <Filter>Source Files\lib\lib\enc</Filter>
    </ClCompile>
    <ClCompile Include="..\..\..\..\..\Engine\lib\libtheora\lib\enc\encode.c">
      <Filter>Source Files\lib\lib\enc</Filter>
    </ClCompile>
    <ClCompile Include="..\..\..\..\..\Engine\lib\libtheora\lib\enc\encoder_huffman.c">
      <Filter>Source Files\lib\lib\enc</Filter>
    </ClCompile>
    <ClCompile Include="..\..\..\..\..\Engine\lib\libtheora\lib\enc\encoder_idct.c">
      <Filter>Source Files\lib\lib\enc</Filter>
    </ClCompile>
    <ClCompile Include="..\..\..\..\..\Engine\lib\libtheora\lib\enc\encoder_quant.c">
      <Filter>Source Files\lib\lib\enc</Filter>
    </ClCompile>
    <ClCompile Include="..\..\..\..\..\Engine\lib\libtheora\lib\enc\encoder_toplevel.c">
      <Filter>Source Files\lib\lib\enc</Filter>
    </ClCompile>
    <ClCompile Include="..\..\..\..\..\Engine\lib\libtheora\lib\enc\frarray.c">
      <Filter>Source Files\lib\lib\enc</Filter>
    </ClCompile>
    <ClCompile Include="..\..\..\..\..\Engine\lib\libtheora\lib\enc\frinit.c">
      <Filter>Source Files\lib\lib\enc</Filter>
    </ClCompile>
    <ClCompile Include="..\..\..\..\..\Engine\lib\libtheora\lib\enc\mcomp.c">
      <Filter>Source Files\lib\lib\enc</Filter>
    </ClCompile>
    <ClCompile Include="..\..\..\..\..\Engine\lib\libtheora\lib\enc\misc_common.c">
      <Filter>Source Files\lib\lib\enc</Filter>
    </ClCompile>
    <ClCompile Include="..\..\..\..\..\Engine\lib\libtheora\lib\enc\pb.c">
      <Filter>Source Files\lib\lib\enc</Filter>
    </ClCompile>
    <ClCompile Include="..\..\..\..\..\Engine\lib\libtheora\lib\enc\pp.c">
      <Filter>Source Files\lib\lib\enc</Filter>
    </ClCompile>
    <ClCompile Include="..\..\..\..\..\Engine\lib\libtheora\lib\enc\reconstruct.c">
      <Filter>Source Files\lib\lib\enc</Filter>
    </ClCompile>
    <ClCompile Include="..\..\..\..\..\Engine\lib\libtheora\lib\enc\scan.c">
      <Filter>Source Files\lib\lib\enc</Filter>
    </ClCompile>
    <ClCompile Include="..\..\..\..\..\Engine\lib\libtheora\lib\enc\x86_32_vs\dsp_mmx.c">
      <Filter>Source Files\lib\lib\enc\x86_32_vs</Filter>
    </ClCompile>
    <ClCompile Include="..\..\..\..\..\Engine\lib\libtheora\lib\enc\x86_32_vs\fdct_mmx.c">
      <Filter>Source Files\lib\lib\enc\x86_32_vs</Filter>
    </ClCompile>
    <ClCompile Include="..\..\..\..\..\Engine\lib\libtheora\lib\enc\x86_32_vs\recon_mmx.c">
      <Filter>Source Files\lib\lib\enc\x86_32_vs</Filter>
    </ClCompile>
  </ItemGroup>
  <ItemGroup>
    <ClInclude Include="..\..\..\..\..\Engine\lib\libtheora\include\theora\codec.h">
      <Filter>Source Files\lib\include</Filter>
    </ClInclude>
    <ClInclude Include="..\..\..\..\..\Engine\lib\libtheora\include\theora\theora.h">
      <Filter>Source Files\lib\include</Filter>
    </ClInclude>
    <ClInclude Include="..\..\..\..\..\Engine\lib\libtheora\include\theora\theoradec.h">
      <Filter>Source Files\lib\include</Filter>
    </ClInclude>
    <ClInclude Include="..\..\..\..\..\Engine\lib\libtheora\include\theora\theoraenc.h">
      <Filter>Source Files\lib\include</Filter>
    </ClInclude>
    <ClInclude Include="..\..\..\..\..\Engine\lib\libtheora\lib\cpu.h">
      <Filter>Source Files\lib\lib</Filter>
    </ClInclude>
    <ClInclude Include="..\..\..\..\..\Engine\lib\libtheora\lib\internal.h">
      <Filter>Source Files\lib\lib</Filter>
    </ClInclude>
    <ClInclude Include="..\..\..\..\..\Engine\lib\libtheora\lib\dec\apiwrapper.h">
      <Filter>Source Files\lib\lib\dec</Filter>
    </ClInclude>
    <ClInclude Include="..\..\..\..\..\Engine\lib\libtheora\lib\dec\bitpack.h">
      <Filter>Source Files\lib\lib\dec</Filter>
    </ClInclude>
    <ClInclude Include="..\..\..\..\..\Engine\lib\libtheora\lib\dec\dct.h">
      <Filter>Source Files\lib\lib\dec</Filter>
    </ClInclude>
    <ClInclude Include="..\..\..\..\..\Engine\lib\libtheora\lib\dec\decint.h">
      <Filter>Source Files\lib\lib\dec</Filter>
    </ClInclude>
    <ClInclude Include="..\..\..\..\..\Engine\lib\libtheora\lib\dec\dequant.h">
      <Filter>Source Files\lib\lib\dec</Filter>
    </ClInclude>
    <ClInclude Include="..\..\..\..\..\Engine\lib\libtheora\lib\dec\huffdec.h">
      <Filter>Source Files\lib\lib\dec</Filter>
    </ClInclude>
    <ClInclude Include="..\..\..\..\..\Engine\lib\libtheora\lib\dec\huffman.h">
      <Filter>Source Files\lib\lib\dec</Filter>
    </ClInclude>
    <ClInclude Include="..\..\..\..\..\Engine\lib\libtheora\lib\dec\idct.h">
      <Filter>Source Files\lib\lib\dec</Filter>
    </ClInclude>
    <ClInclude Include="..\..\..\..\..\Engine\lib\libtheora\lib\dec\ocintrin.h">
      <Filter>Source Files\lib\lib\dec</Filter>
    </ClInclude>
    <ClInclude Include="..\..\..\..\..\Engine\lib\libtheora\lib\dec\quant.h">
      <Filter>Source Files\lib\lib\dec</Filter>
    </ClInclude>
    <ClInclude Include="..\..\..\..\..\Engine\lib\libtheora\lib\dec\x86_vc\x86int.h">
      <Filter>Source Files\lib\lib\dec\x86_vc</Filter>
    </ClInclude>
    <ClInclude Include="..\..\..\..\..\Engine\lib\libtheora\lib\enc\block_inline.h">
      <Filter>Source Files\lib\lib\enc</Filter>
    </ClInclude>
    <ClInclude Include="..\..\..\..\..\Engine\lib\libtheora\lib\enc\codec_internal.h">
      <Filter>Source Files\lib\lib\enc</Filter>
    </ClInclude>
    <ClInclude Include="..\..\..\..\..\Engine\lib\libtheora\lib\enc\dsp.h">
      <Filter>Source Files\lib\lib\enc</Filter>
    </ClInclude>
    <ClInclude Include="..\..\..\..\..\Engine\lib\libtheora\lib\enc\encoder_huffman.h">
      <Filter>Source Files\lib\lib\enc</Filter>
    </ClInclude>
    <ClInclude Include="..\..\..\..\..\Engine\lib\libtheora\lib\enc\encoder_lookup.h">
      <Filter>Source Files\lib\lib\enc</Filter>
    </ClInclude>
    <ClInclude Include="..\..\..\..\..\Engine\lib\libtheora\lib\enc\hufftables.h">
      <Filter>Source Files\lib\lib\enc</Filter>
    </ClInclude>
    <ClInclude Include="..\..\..\..\..\Engine\lib\libtheora\lib\enc\pp.h">
      <Filter>Source Files\lib\lib\enc</Filter>
    </ClInclude>
    <ClInclude Include="..\..\..\..\..\Engine\lib\libtheora\lib\enc\quant_lookup.h">
      <Filter>Source Files\lib\lib\enc</Filter>
    </ClInclude>
    <ClInclude Include="..\..\..\..\..\Engine\lib\libtheora\lib\enc\toplevel_lookup.h">
      <Filter>Source Files\lib\lib\enc</Filter>
    </ClInclude>
  </ItemGroup>
  <ItemGroup>
  </ItemGroup>
</Project>