<?xml version="1.0" encoding="utf-8"?>
<Project ToolsVersion="4.0" xmlns="http://schemas.microsoft.com/developer/msbuild/2003">
  <ItemGroup>
    <Filter Include="Source Files">
      <UniqueIdentifier>{800d3d31-e656-4eed-bc6e-5cad6551b8b3}</UniqueIdentifier>
      <Extensions>cpp;c;cxx;rc;def;r;odl;idl;hpj;bat;cc</Extensions>
    </Filter>
    <Filter Include="Source Files\lib">
      <UniqueIdentifier>{9a15f8d2-dd63-4593-9a11-39e46e0cf0a1}</UniqueIdentifier>
    </Filter>
  </ItemGroup>
  <ItemGroup>
    <ClCompile Include="..\..\..\..\..\Engine\lib\squish\alpha.cpp">
      <Filter>Source Files\lib</Filter>
    </ClCompile>
    <ClCompile Include="..\..\..\..\..\Engine\lib\squish\clusterfit.cpp">
      <Filter>Source Files\lib</Filter>
    </ClCompile>
    <ClCompile Include="..\..\..\..\..\Engine\lib\squish\colourblock.cpp">
      <Filter>Source Files\lib</Filter>
    </ClCompile>
    <ClCompile Include="..\..\..\..\..\Engine\lib\squish\colourfit.cpp">
      <Filter>Source Files\lib</Filter>
    </ClCompile>
    <ClCompile Include="..\..\..\..\..\Engine\lib\squish\colourset.cpp">
      <Filter>Source Files\lib</Filter>
    </ClCompile>
    <ClCompile Include="..\..\..\..\..\Engine\lib\squish\maths.cpp">
      <Filter>Source Files\lib</Filter>
    </ClCompile>
    <ClCompile Include="..\..\..\..\..\Engine\lib\squish\rangefit.cpp">
      <Filter>Source Files\lib</Filter>
    </ClCompile>
    <ClCompile Include="..\..\..\..\..\Engine\lib\squish\singlecolourfit.cpp">
      <Filter>Source Files\lib</Filter>
    </ClCompile>
    <ClCompile Include="..\..\..\..\..\Engine\lib\squish\squish.cpp">
      <Filter>Source Files\lib</Filter>
    </ClCompile>
  </ItemGroup>
  <ItemGroup>
    <ClInclude Include="..\..\..\..\..\Engine\lib\squish\alpha.h">
      <Filter>Source Files\lib</Filter>
    </ClInclude>
    <ClInclude Include="..\..\..\..\..\Engine\lib\squish\clusterfit.h">
      <Filter>Source Files\lib</Filter>
    </ClInclude>
    <ClInclude Include="..\..\..\..\..\Engine\lib\squish\colourblock.h">
      <Filter>Source Files\lib</Filter>
    </ClInclude>
    <ClInclude Include="..\..\..\..\..\Engine\lib\squish\colourfit.h">
      <Filter>Source Files\lib</Filter>
    </ClInclude>
    <ClInclude Include="..\..\..\..\..\Engine\lib\squish\colourset.h">
      <Filter>Source Files\lib</Filter>
    </ClInclude>
    <ClInclude Include="..\..\..\..\..\Engine\lib\squish\config.h">
      <Filter>Source Files\lib</Filter>
    </ClInclude>
    <ClInclude Include="..\..\..\..\..\Engine\lib\squish\maths.h">
      <Filter>Source Files\lib</Filter>
    </ClInclude>
    <ClInclude Include="..\..\..\..\..\Engine\lib\squish\rangefit.h">
      <Filter>Source Files\lib</Filter>
    </ClInclude>
    <ClInclude Include="..\..\..\..\..\Engine\lib\squish\simd.h">
      <Filter>Source Files\lib</Filter>
    </ClInclude>
    <ClInclude Include="..\..\..\..\..\Engine\lib\squish\simd_float.h">
      <Filter>Source Files\lib</Filter>
    </ClInclude>
    <ClInclude Include="..\..\..\..\..\Engine\lib\squish\simd_sse.h">
      <Filter>Source Files\lib</Filter>
    </ClInclude>
    <ClInclude Include="..\..\..\..\..\Engine\lib\squish\simd_ve.h">
      <Filter>Source Files\lib</Filter>
    </ClInclude>
    <ClInclude Include="..\..\..\..\..\Engine\lib\squish\singlecolourfit.h">
      <Filter>Source Files\lib</Filter>
    </ClInclude>
    <ClInclude Include="..\..\..\..\..\Engine\lib\squish\singlecolourlookup.inl">
      <Filter>Source Files\lib</Filter>
    </ClInclude>
    <ClInclude Include="..\..\..\..\..\Engine\lib\squish\squish.h">
      <Filter>Source Files\lib</Filter>
    </ClInclude>
  </ItemGroup>
  <ItemGroup>
  </ItemGroup>
</Project>