<?xml version="1.0" encoding="utf-8"?>
<Project ToolsVersion="4.0" xmlns="http://schemas.microsoft.com/developer/msbuild/2003">
   <ItemGroup>
      <Filter Include="Source Files">
         <UniqueIdentifier>{73619c74-ac57-4971-965c-05b4ba6244bd}</UniqueIdentifier>
         <Extensions>cpp;c;cxx;rc;def;r;odl;idl;hpj;bat;cc</Extensions>
      </Filter>
      <Filter Include="Source Files\lib">
         <UniqueIdentifier>{4af5fcf5-5bf2-4afe-9e06-208e53d828b3}</UniqueIdentifier>
      </Filter>
   </ItemGroup>
   <ItemGroup>
    <ResourceCompile Include="Torque.rc">
      <Filter>Source Files</Filter>
    </ResourceCompile>
  </ItemGroup>
   <ItemGroup>
      <ClCompile Include="..\..\..\..\..\Engine\lib\zlib\adler32.c">
         <Filter>Source Files\lib</Filter>
      </ClCompile>
      <ClCompile Include="..\..\..\..\..\Engine\lib\zlib\compress.c">
         <Filter>Source Files\lib</Filter>
      </ClCompile>
      <ClCompile Include="..\..\..\..\..\Engine\lib\zlib\crc32.c">
         <Filter>Source Files\lib</Filter>
      </ClCompile>
      <ClCompile Include="..\..\..\..\..\Engine\lib\zlib\deflate.c">
         <Filter>Source Files\lib</Filter>
      </ClCompile>
      <ClCompile Include="..\..\..\..\..\Engine\lib\zlib\gzclose.c">
         <Filter>Source Files\lib</Filter>
      </ClCompile>
      <ClCompile Include="..\..\..\..\..\Engine\lib\zlib\gzlib.c">
         <Filter>Source Files\lib</Filter>
      </ClCompile>
      <ClCompile Include="..\..\..\..\..\Engine\lib\zlib\gzread.c">
         <Filter>Source Files\lib</Filter>
      </ClCompile>
      <ClCompile Include="..\..\..\..\..\Engine\lib\zlib\gzwrite.c">
         <Filter>Source Files\lib</Filter>
      </ClCompile>
      <ClCompile Include="..\..\..\..\..\Engine\lib\zlib\infback.c">
         <Filter>Source Files\lib</Filter>
      </ClCompile>
      <ClCompile Include="..\..\..\..\..\Engine\lib\zlib\inffast.c">
         <Filter>Source Files\lib</Filter>
      </ClCompile>
      <ClCompile Include="..\..\..\..\..\Engine\lib\zlib\inflate.c">
         <Filter>Source Files\lib</Filter>
      </ClCompile>
      <ClCompile Include="..\..\..\..\..\Engine\lib\zlib\inftrees.c">
         <Filter>Source Files\lib</Filter>
      </ClCompile>
      <ClCompile Include="..\..\..\..\..\Engine\lib\zlib\trees.c">
         <Filter>Source Files\lib</Filter>
      </ClCompile>
      <ClCompile Include="..\..\..\..\..\Engine\lib\zlib\uncompr.c">
         <Filter>Source Files\lib</Filter>
      </ClCompile>
      <ClCompile Include="..\..\..\..\..\Engine\lib\zlib\zutil.c">
         <Filter>Source Files\lib</Filter>
      </ClCompile>
   </ItemGroup>
   <ItemGroup>
      <ClInclude Include="..\..\..\..\..\Engine\lib\zlib\crc32.h">
         <Filter>Source Files\lib</Filter>
      </ClInclude>
      <ClInclude Include="..\..\..\..\..\Engine\lib\zlib\deflate.h">
         <Filter>Source Files\lib</Filter>
      </ClInclude>
      <ClInclude Include="..\..\..\..\..\Engine\lib\zlib\gzguts.h">
         <Filter>Source Files\lib</Filter>
      </ClInclude>
      <ClInclude Include="..\..\..\..\..\Engine\lib\zlib\inffast.h">
         <Filter>Source Files\lib</Filter>
      </ClInclude>
      <ClInclude Include="..\..\..\..\..\Engine\lib\zlib\inffixed.h">
         <Filter>Source Files\lib</Filter>
      </ClInclude>
      <ClInclude Include="..\..\..\..\..\Engine\lib\zlib\inflate.h">
         <Filter>Source Files\lib</Filter>
      </ClInclude>
      <ClInclude Include="..\..\..\..\..\Engine\lib\zlib\inftrees.h">
         <Filter>Source Files\lib</Filter>
      </ClInclude>
      <ClInclude Include="..\..\..\..\..\Engine\lib\zlib\trees.h">
         <Filter>Source Files\lib</Filter>
      </ClInclude>
      <ClInclude Include="..\..\..\..\..\Engine\lib\zlib\zconf.h">
         <Filter>Source Files\lib</Filter>
      </ClInclude>
      <ClInclude Include="..\..\..\..\..\Engine\lib\zlib\zlib.h">
         <Filter>Source Files\lib</Filter>
      </ClInclude>
      <ClInclude Include="..\..\..\..\..\Engine\lib\zlib\zutil.h">
         <Filter>Source Files\lib</Filter>
      </ClInclude>
   </ItemGroup>
   <ItemGroup>
   </ItemGroup>
</Project>