<?xml version="1.0" encoding="utf-8"?>
<Project ToolsVersion="4.0" xmlns="http://schemas.microsoft.com/developer/msbuild/2003">
   <ItemGroup>
      <Filter Include="Source Files">
         <UniqueIdentifier>{8c16e8b6-625a-4206-b4ed-b2d8f4895402}</UniqueIdentifier>
         <Extensions>cpp;c;cxx;rc;def;r;odl;idl;hpj;bat;cc</Extensions>
      </Filter>
      <Filter Include="Source Files\lib">
         <UniqueIdentifier>{c8667997-b1ea-4d7a-8620-41dfc447327d}</UniqueIdentifier>
      </Filter>
      <Filter Include="Source Files\lib\include">
         <UniqueIdentifier>{77dd317c-75bd-4096-bf96-8dea7b8f1e9c}</UniqueIdentifier>
      </Filter>
      <Filter Include="Source Files\lib\lib">
         <UniqueIdentifier>{fc4e1e06-f0db-4407-bdc3-82fc0bf2edaf}</UniqueIdentifier>
      </Filter>
      <Filter Include="Source Files\lib\lib\books">
         <UniqueIdentifier>{a725bc6c-e4eb-406a-81b2-0c4bb5f65a76}</UniqueIdentifier>
      </Filter>
      <Filter Include="Source Files\lib\lib\books\coupled">
         <UniqueIdentifier>{68519537-7f94-4cc5-b17a-e22122b924dd}</UniqueIdentifier>
      </Filter>
      <Filter Include="Source Files\lib\lib\books\floor">
         <UniqueIdentifier>{3ed2025c-848e-4161-861d-00d910ed2daa}</UniqueIdentifier>
      </Filter>
      <Filter Include="Source Files\lib\lib\books\uncoupled">
         <UniqueIdentifier>{30935ecb-a2e0-4edd-a50d-18c1d20bd349}</UniqueIdentifier>
      </Filter>
      <Filter Include="Source Files\lib\lib\modes">
         <UniqueIdentifier>{f4155b94-91de-4bfd-9822-2002abf64d90}</UniqueIdentifier>
      </Filter>
   </ItemGroup>
  <ItemGroup>
    <ResourceCompile Include="Torque.rc">
      <Filter>Source Files</Filter>
    </ResourceCompile>
  </ItemGroup>
   <ItemGroup>
      <ClCompile Include="..\..\..\..\..\Engine\lib\libvorbis\lib\analysis.c">
         <Filter>Source Files\lib\lib</Filter>
      </ClCompile>
      <ClCompile Include="..\..\..\..\..\Engine\lib\libvorbis\lib\bitrate.c">
         <Filter>Source Files\lib\lib</Filter>
      </ClCompile>
      <ClCompile Include="..\..\..\..\..\Engine\lib\libvorbis\lib\block.c">
         <Filter>Source Files\lib\lib</Filter>
      </ClCompile>
      <ClCompile Include="..\..\..\..\..\Engine\lib\libvorbis\lib\codebook.c">
         <Filter>Source Files\lib\lib</Filter>
      </ClCompile>
      <ClCompile Include="..\..\..\..\..\Engine\lib\libvorbis\lib\envelope.c">
         <Filter>Source Files\lib\lib</Filter>
      </ClCompile>
      <ClCompile Include="..\..\..\..\..\Engine\lib\libvorbis\lib\floor0.c">
         <Filter>Source Files\lib\lib</Filter>
      </ClCompile>
      <ClCompile Include="..\..\..\..\..\Engine\lib\libvorbis\lib\floor1.c">
         <Filter>Source Files\lib\lib</Filter>
      </ClCompile>
      <ClCompile Include="..\..\..\..\..\Engine\lib\libvorbis\lib\info.c">
         <Filter>Source Files\lib\lib</Filter>
      </ClCompile>
      <ClCompile Include="..\..\..\..\..\Engine\lib\libvorbis\lib\lookup.c">
         <Filter>Source Files\lib\lib</Filter>
      </ClCompile>
      <ClCompile Include="..\..\..\..\..\Engine\lib\libvorbis\lib\lpc.c">
         <Filter>Source Files\lib\lib</Filter>
      </ClCompile>
      <ClCompile Include="..\..\..\..\..\Engine\lib\libvorbis\lib\lsp.c">
         <Filter>Source Files\lib\lib</Filter>
      </ClCompile>
      <ClCompile Include="..\..\..\..\..\Engine\lib\libvorbis\lib\mapping0.c">
         <Filter>Source Files\lib\lib</Filter>
      </ClCompile>
      <ClCompile Include="..\..\..\..\..\Engine\lib\libvorbis\lib\mdct.c">
         <Filter>Source Files\lib\lib</Filter>
      </ClCompile>
      <ClCompile Include="..\..\..\..\..\Engine\lib\libvorbis\lib\psy.c">
         <Filter>Source Files\lib\lib</Filter>
      </ClCompile>
      <ClCompile Include="..\..\..\..\..\Engine\lib\libvorbis\lib\registry.c">
         <Filter>Source Files\lib\lib</Filter>
      </ClCompile>
      <ClCompile Include="..\..\..\..\..\Engine\lib\libvorbis\lib\res0.c">
         <Filter>Source Files\lib\lib</Filter>
      </ClCompile>
      <ClCompile Include="..\..\..\..\..\Engine\lib\libvorbis\lib\sharedbook.c">
         <Filter>Source Files\lib\lib</Filter>
      </ClCompile>
      <ClCompile Include="..\..\..\..\..\Engine\lib\libvorbis\lib\smallft.c">
         <Filter>Source Files\lib\lib</Filter>
      </ClCompile>
      <ClCompile Include="..\..\..\..\..\Engine\lib\libvorbis\lib\synthesis.c">
         <Filter>Source Files\lib\lib</Filter>
      </ClCompile>
      <ClCompile Include="..\..\..\..\..\Engine\lib\libvorbis\lib\vorbisenc.c">
         <Filter>Source Files\lib\lib</Filter>
      </ClCompile>
      <ClCompile Include="..\..\..\..\..\Engine\lib\libvorbis\lib\vorbisfile.c">
         <Filter>Source Files\lib\lib</Filter>
      </ClCompile>
      <ClCompile Include="..\..\..\..\..\Engine\lib\libvorbis\lib\window.c">
         <Filter>Source Files\lib\lib</Filter>
      </ClCompile>
   </ItemGroup>
   <ItemGroup>
      <ClInclude Include="..\..\..\..\..\Engine\lib\libvorbis\include\vorbis\codec.h">
         <Filter>Source Files\lib\include</Filter>
      </ClInclude>
      <ClInclude Include="..\..\..\..\..\Engine\lib\libvorbis\include\vorbis\vorbisenc.h">
         <Filter>Source Files\lib\include</Filter>
      </ClInclude>
      <ClInclude Include="..\..\..\..\..\Engine\lib\libvorbis\include\vorbis\vorbisfile.h">
         <Filter>Source Files\lib\include</Filter>
      </ClInclude>
      <ClInclude Include="..\..\..\..\..\Engine\lib\libvorbis\lib\backends.h">
         <Filter>Source Files\lib\lib</Filter>
      </ClInclude>
      <ClInclude Include="..\..\..\..\..\Engine\lib\libvorbis\lib\bitrate.h">
         <Filter>Source Files\lib\lib</Filter>
      </ClInclude>
      <ClInclude Include="..\..\..\..\..\Engine\lib\libvorbis\lib\codebook.h">
         <Filter>Source Files\lib\lib</Filter>
      </ClInclude>
      <ClInclude Include="..\..\..\..\..\Engine\lib\libvorbis\lib\codec_internal.h">
         <Filter>Source Files\lib\lib</Filter>
      </ClInclude>
      <ClInclude Include="..\..\..\..\..\Engine\lib\libvorbis\lib\envelope.h">
         <Filter>Source Files\lib\lib</Filter>
      </ClInclude>
      <ClInclude Include="..\..\..\..\..\Engine\lib\libvorbis\lib\highlevel.h">
         <Filter>Source Files\lib\lib</Filter>
      </ClInclude>
      <ClInclude Include="..\..\..\..\..\Engine\lib\libvorbis\lib\lookup.h">
         <Filter>Source Files\lib\lib</Filter>
      </ClInclude>
      <ClInclude Include="..\..\..\..\..\Engine\lib\libvorbis\lib\lookup_data.h">
         <Filter>Source Files\lib\lib</Filter>
      </ClInclude>
      <ClInclude Include="..\..\..\..\..\Engine\lib\libvorbis\lib\lpc.h">
         <Filter>Source Files\lib\lib</Filter>
      </ClInclude>
      <ClInclude Include="..\..\..\..\..\Engine\lib\libvorbis\lib\lsp.h">
         <Filter>Source Files\lib\lib</Filter>
      </ClInclude>
      <ClInclude Include="..\..\..\..\..\Engine\lib\libvorbis\lib\masking.h">
         <Filter>Source Files\lib\lib</Filter>
      </ClInclude>
      <ClInclude Include="..\..\..\..\..\Engine\lib\libvorbis\lib\mdct.h">
         <Filter>Source Files\lib\lib</Filter>
      </ClInclude>
      <ClInclude Include="..\..\..\..\..\Engine\lib\libvorbis\lib\misc.h">
         <Filter>Source Files\lib\lib</Filter>
      </ClInclude>
      <ClInclude Include="..\..\..\..\..\Engine\lib\libvorbis\lib\os.h">
         <Filter>Source Files\lib\lib</Filter>
      </ClInclude>
      <ClInclude Include="..\..\..\..\..\Engine\lib\libvorbis\lib\psy.h">
         <Filter>Source Files\lib\lib</Filter>
      </ClInclude>
      <ClInclude Include="..\..\..\..\..\Engine\lib\libvorbis\lib\registry.h">
         <Filter>Source Files\lib\lib</Filter>
      </ClInclude>
      <ClInclude Include="..\..\..\..\..\Engine\lib\libvorbis\lib\scales.h">
         <Filter>Source Files\lib\lib</Filter>
      </ClInclude>
      <ClInclude Include="..\..\..\..\..\Engine\lib\libvorbis\lib\smallft.h">
         <Filter>Source Files\lib\lib</Filter>
      </ClInclude>
      <ClInclude Include="..\..\..\..\..\Engine\lib\libvorbis\lib\window.h">
         <Filter>Source Files\lib\lib</Filter>
      </ClInclude>
      <ClInclude Include="..\..\..\..\..\Engine\lib\libvorbis\lib\books\coupled\res_books_stereo.h">
         <Filter>Source Files\lib\lib\books\coupled</Filter>
      </ClInclude>
      <ClInclude Include="..\..\..\..\..\Engine\lib\libvorbis\lib\books\floor\floor_books.h">
         <Filter>Source Files\lib\lib\books\floor</Filter>
      </ClInclude>
      <ClInclude Include="..\..\..\..\..\Engine\lib\libvorbis\lib\books\uncoupled\res_books_uncoupled.h">
         <Filter>Source Files\lib\lib\books\uncoupled</Filter>
      </ClInclude>
      <ClInclude Include="..\..\..\..\..\Engine\lib\libvorbis\lib\modes\floor_all.h">
         <Filter>Source Files\lib\lib\modes</Filter>
      </ClInclude>
      <ClInclude Include="..\..\..\..\..\Engine\lib\libvorbis\lib\modes\psych_11.h">
         <Filter>Source Files\lib\lib\modes</Filter>
      </ClInclude>
      <ClInclude Include="..\..\..\..\..\Engine\lib\libvorbis\lib\modes\psych_16.h">
         <Filter>Source Files\lib\lib\modes</Filter>
      </ClInclude>
      <ClInclude Include="..\..\..\..\..\Engine\lib\libvorbis\lib\modes\psych_44.h">
         <Filter>Source Files\lib\lib\modes</Filter>
      </ClInclude>
      <ClInclude Include="..\..\..\..\..\Engine\lib\libvorbis\lib\modes\psych_8.h">
         <Filter>Source Files\lib\lib\modes</Filter>
      </ClInclude>
      <ClInclude Include="..\..\..\..\..\Engine\lib\libvorbis\lib\modes\residue_16.h">
         <Filter>Source Files\lib\lib\modes</Filter>
      </ClInclude>
      <ClInclude Include="..\..\..\..\..\Engine\lib\libvorbis\lib\modes\residue_44.h">
         <Filter>Source Files\lib\lib\modes</Filter>
      </ClInclude>
      <ClInclude Include="..\..\..\..\..\Engine\lib\libvorbis\lib\modes\residue_44u.h">
         <Filter>Source Files\lib\lib\modes</Filter>
      </ClInclude>
      <ClInclude Include="..\..\..\..\..\Engine\lib\libvorbis\lib\modes\residue_8.h">
         <Filter>Source Files\lib\lib\modes</Filter>
      </ClInclude>
      <ClInclude Include="..\..\..\..\..\Engine\lib\libvorbis\lib\modes\setup_11.h">
         <Filter>Source Files\lib\lib\modes</Filter>
      </ClInclude>
      <ClInclude Include="..\..\..\..\..\Engine\lib\libvorbis\lib\modes\setup_16.h">
         <Filter>Source Files\lib\lib\modes</Filter>
      </ClInclude>
      <ClInclude Include="..\..\..\..\..\Engine\lib\libvorbis\lib\modes\setup_22.h">
         <Filter>Source Files\lib\lib\modes</Filter>
      </ClInclude>
      <ClInclude Include="..\..\..\..\..\Engine\lib\libvorbis\lib\modes\setup_32.h">
         <Filter>Source Files\lib\lib\modes</Filter>
      </ClInclude>
      <ClInclude Include="..\..\..\..\..\Engine\lib\libvorbis\lib\modes\setup_44.h">
         <Filter>Source Files\lib\lib\modes</Filter>
      </ClInclude>
      <ClInclude Include="..\..\..\..\..\Engine\lib\libvorbis\lib\modes\setup_44u.h">
         <Filter>Source Files\lib\lib\modes</Filter>
      </ClInclude>
      <ClInclude Include="..\..\..\..\..\Engine\lib\libvorbis\lib\modes\setup_8.h">
         <Filter>Source Files\lib\lib\modes</Filter>
      </ClInclude>
      <ClInclude Include="..\..\..\..\..\Engine\lib\libvorbis\lib\modes\setup_X.h">
         <Filter>Source Files\lib\lib\modes</Filter>
      </ClInclude>
   </ItemGroup>
   <ItemGroup>
   </ItemGroup>
</Project>